// !$*UTF8*$!
{
	archiveVersion = 1;
	classes = {
	};
	objectVersion = 46;
	objects = {

/* Begin PBXBuildFile section */
		48A956ED1E94F85400939D2D /* LoginViewController.swift in Sources */ = {isa = PBXBuildFile; fileRef = 48A956EC1E94F85400939D2D /* LoginViewController.swift */; };
		48FDB2AE1E939F1100280591 /* AppDelegate.swift in Sources */ = {isa = PBXBuildFile; fileRef = 48FDB2AD1E939F1100280591 /* AppDelegate.swift */; };
		48FDB2B01E939F1100280591 /* ViewController.swift in Sources */ = {isa = PBXBuildFile; fileRef = 48FDB2AF1E939F1100280591 /* ViewController.swift */; };
		48FDB2B31E939F1100280591 /* Main.storyboard in Resources */ = {isa = PBXBuildFile; fileRef = 48FDB2B11E939F1100280591 /* Main.storyboard */; };
		48FDB2B51E939F1100280591 /* Assets.xcassets in Resources */ = {isa = PBXBuildFile; fileRef = 48FDB2B41E939F1100280591 /* Assets.xcassets */; };
		48FDB2B81E939F1100280591 /* LaunchScreen.storyboard in Resources */ = {isa = PBXBuildFile; fileRef = 48FDB2B61E939F1100280591 /* LaunchScreen.storyboard */; };
		48FDB2C31E939F1100280591 /* GetOffersTests.swift in Sources */ = {isa = PBXBuildFile; fileRef = 48FDB2C21E939F1100280591 /* GetOffersTests.swift */; };
		48FDB2CE1E939F1100280591 /* GetOffersUITests.swift in Sources */ = {isa = PBXBuildFile; fileRef = 48FDB2CD1E939F1100280591 /* GetOffersUITests.swift */; };
		48FDB2DC1E939F1C00280591 /* 3.wav in Resources */ = {isa = PBXBuildFile; fileRef = 48FDB2DB1E939F1C00280591 /* 3.wav */; };
		48FDB2DE1E939F2300280591 /* BackgroundTask.swift in Sources */ = {isa = PBXBuildFile; fileRef = 48FDB2DD1E939F2300280591 /* BackgroundTask.swift */; };
		7CA64AFE612A94D7CDF7DA15 /* Pods_GetOffersUITests.framework in Frameworks */ = {isa = PBXBuildFile; fileRef = A5A9B27848BB0D2BE34913A9 /* Pods_GetOffersUITests.framework */; };
		968E1E9494005F2A5C8BA6F6 /* Pods_GetOffers.framework in Frameworks */ = {isa = PBXBuildFile; fileRef = 1F34589CEAE5E8F541C13ABA /* Pods_GetOffers.framework */; };
		A4E8F4F7DB027AB5A40111D8 /* Pods_GetOffersTests.framework in Frameworks */ = {isa = PBXBuildFile; fileRef = A4228DF37321C24D69750B9A /* Pods_GetOffersTests.framework */; };
/* End PBXBuildFile section */

/* Begin PBXContainerItemProxy section */
		48FDB2BF1E939F1100280591 /* PBXContainerItemProxy */ = {
			isa = PBXContainerItemProxy;
			containerPortal = 48FDB2A21E939F1100280591 /* Project object */;
			proxyType = 1;
			remoteGlobalIDString = 48FDB2A91E939F1100280591;
			remoteInfo = GetOffers;
		};
		48FDB2CA1E939F1100280591 /* PBXContainerItemProxy */ = {
			isa = PBXContainerItemProxy;
			containerPortal = 48FDB2A21E939F1100280591 /* Project object */;
			proxyType = 1;
			remoteGlobalIDString = 48FDB2A91E939F1100280591;
			remoteInfo = GetOffers;
		};
/* End PBXContainerItemProxy section */

/* Begin PBXFileReference section */
		0F877161C0084E6AE975B9A2 /* Pods-GetOffers.release.xcconfig */ = {isa = PBXFileReference; includeInIndex = 1; lastKnownFileType = text.xcconfig; name = "Pods-GetOffers.release.xcconfig"; path = "Pods/Target Support Files/Pods-GetOffers/Pods-GetOffers.release.xcconfig"; sourceTree = "<group>"; };
		1F34589CEAE5E8F541C13ABA /* Pods_GetOffers.framework */ = {isa = PBXFileReference; explicitFileType = wrapper.framework; includeInIndex = 0; path = Pods_GetOffers.framework; sourceTree = BUILT_PRODUCTS_DIR; };
		2298A6098D8B1A69A1F82B2E /* Pods-GetOffers.debug.xcconfig */ = {isa = PBXFileReference; includeInIndex = 1; lastKnownFileType = text.xcconfig; name = "Pods-GetOffers.debug.xcconfig"; path = "Pods/Target Support Files/Pods-GetOffers/Pods-GetOffers.debug.xcconfig"; sourceTree = "<group>"; };
		48A956EC1E94F85400939D2D /* LoginViewController.swift */ = {isa = PBXFileReference; fileEncoding = 4; lastKnownFileType = sourcecode.swift; path = LoginViewController.swift; sourceTree = "<group>"; };
		48FDB2AA1E939F1100280591 /* GetOffers.app */ = {isa = PBXFileReference; explicitFileType = wrapper.application; includeInIndex = 0; path = GetOffers.app; sourceTree = BUILT_PRODUCTS_DIR; };
		48FDB2AD1E939F1100280591 /* AppDelegate.swift */ = {isa = PBXFileReference; lastKnownFileType = sourcecode.swift; path = AppDelegate.swift; sourceTree = "<group>"; };
		48FDB2AF1E939F1100280591 /* ViewController.swift */ = {isa = PBXFileReference; lastKnownFileType = sourcecode.swift; path = ViewController.swift; sourceTree = "<group>"; };
		48FDB2B21E939F1100280591 /* Base */ = {isa = PBXFileReference; lastKnownFileType = file.storyboard; name = Base; path = Base.lproj/Main.storyboard; sourceTree = "<group>"; };
		48FDB2B41E939F1100280591 /* Assets.xcassets */ = {isa = PBXFileReference; lastKnownFileType = folder.assetcatalog; path = Assets.xcassets; sourceTree = "<group>"; };
		48FDB2B71E939F1100280591 /* Base */ = {isa = PBXFileReference; lastKnownFileType = file.storyboard; name = Base; path = Base.lproj/LaunchScreen.storyboard; sourceTree = "<group>"; };
		48FDB2B91E939F1100280591 /* Info.plist */ = {isa = PBXFileReference; lastKnownFileType = text.plist.xml; path = Info.plist; sourceTree = "<group>"; };
		48FDB2BE1E939F1100280591 /* GetOffersTests.xctest */ = {isa = PBXFileReference; explicitFileType = wrapper.cfbundle; includeInIndex = 0; path = GetOffersTests.xctest; sourceTree = BUILT_PRODUCTS_DIR; };
		48FDB2C21E939F1100280591 /* GetOffersTests.swift */ = {isa = PBXFileReference; lastKnownFileType = sourcecode.swift; path = GetOffersTests.swift; sourceTree = "<group>"; };
		48FDB2C41E939F1100280591 /* Info.plist */ = {isa = PBXFileReference; lastKnownFileType = text.plist.xml; path = Info.plist; sourceTree = "<group>"; };
		48FDB2C91E939F1100280591 /* GetOffersUITests.xctest */ = {isa = PBXFileReference; explicitFileType = wrapper.cfbundle; includeInIndex = 0; path = GetOffersUITests.xctest; sourceTree = BUILT_PRODUCTS_DIR; };
		48FDB2CD1E939F1100280591 /* GetOffersUITests.swift */ = {isa = PBXFileReference; lastKnownFileType = sourcecode.swift; path = GetOffersUITests.swift; sourceTree = "<group>"; };
		48FDB2CF1E939F1100280591 /* Info.plist */ = {isa = PBXFileReference; lastKnownFileType = text.plist.xml; path = Info.plist; sourceTree = "<group>"; };
		48FDB2DB1E939F1C00280591 /* 3.wav */ = {isa = PBXFileReference; lastKnownFileType = audio.wav; path = 3.wav; sourceTree = "<group>"; };
		48FDB2DD1E939F2300280591 /* BackgroundTask.swift */ = {isa = PBXFileReference; fileEncoding = 4; lastKnownFileType = sourcecode.swift; path = BackgroundTask.swift; sourceTree = "<group>"; };
		4976B4D10AC549FB5194F667 /* Pods-GetOffersTests.release.xcconfig */ = {isa = PBXFileReference; includeInIndex = 1; lastKnownFileType = text.xcconfig; name = "Pods-GetOffersTests.release.xcconfig"; path = "Pods/Target Support Files/Pods-GetOffersTests/Pods-GetOffersTests.release.xcconfig"; sourceTree = "<group>"; };
		6D5DF51F00499ADD1925311B /* Pods-GetOffersUITests.release.xcconfig */ = {isa = PBXFileReference; includeInIndex = 1; lastKnownFileType = text.xcconfig; name = "Pods-GetOffersUITests.release.xcconfig"; path = "Pods/Target Support Files/Pods-GetOffersUITests/Pods-GetOffersUITests.release.xcconfig"; sourceTree = "<group>"; };
		9793F3DFDBADD52FC04A35FD /* Pods-GetOffersUITests.debug.xcconfig */ = {isa = PBXFileReference; includeInIndex = 1; lastKnownFileType = text.xcconfig; name = "Pods-GetOffersUITests.debug.xcconfig"; path = "Pods/Target Support Files/Pods-GetOffersUITests/Pods-GetOffersUITests.debug.xcconfig"; sourceTree = "<group>"; };
		A4228DF37321C24D69750B9A /* Pods_GetOffersTests.framework */ = {isa = PBXFileReference; explicitFileType = wrapper.framework; includeInIndex = 0; path = Pods_GetOffersTests.framework; sourceTree = BUILT_PRODUCTS_DIR; };
		A5A9B27848BB0D2BE34913A9 /* Pods_GetOffersUITests.framework */ = {isa = PBXFileReference; explicitFileType = wrapper.framework; includeInIndex = 0; path = Pods_GetOffersUITests.framework; sourceTree = BUILT_PRODUCTS_DIR; };
		AA0796C3010BD968A1748483 /* Pods-GetOffersTests.debug.xcconfig */ = {isa = PBXFileReference; includeInIndex = 1; lastKnownFileType = text.xcconfig; name = "Pods-GetOffersTests.debug.xcconfig"; path = "Pods/Target Support Files/Pods-GetOffersTests/Pods-GetOffersTests.debug.xcconfig"; sourceTree = "<group>"; };
/* End PBXFileReference section */

/* Begin PBXFrameworksBuildPhase section */
		48FDB2A71E939F1100280591 /* Frameworks */ = {
			isa = PBXFrameworksBuildPhase;
			buildActionMask = 2147483647;
			files = (
				968E1E9494005F2A5C8BA6F6 /* Pods_GetOffers.framework in Frameworks */,
			);
			runOnlyForDeploymentPostprocessing = 0;
		};
		48FDB2BB1E939F1100280591 /* Frameworks */ = {
			isa = PBXFrameworksBuildPhase;
			buildActionMask = 2147483647;
			files = (
				A4E8F4F7DB027AB5A40111D8 /* Pods_GetOffersTests.framework in Frameworks */,
			);
			runOnlyForDeploymentPostprocessing = 0;
		};
		48FDB2C61E939F1100280591 /* Frameworks */ = {
			isa = PBXFrameworksBuildPhase;
			buildActionMask = 2147483647;
			files = (
				7CA64AFE612A94D7CDF7DA15 /* Pods_GetOffersUITests.framework in Frameworks */,
			);
			runOnlyForDeploymentPostprocessing = 0;
		};
/* End PBXFrameworksBuildPhase section */

/* Begin PBXGroup section */
		0F1C5DBDBD135A9EE71C15E2 /* Frameworks */ = {
			isa = PBXGroup;
			children = (
				1F34589CEAE5E8F541C13ABA /* Pods_GetOffers.framework */,
				A4228DF37321C24D69750B9A /* Pods_GetOffersTests.framework */,
				A5A9B27848BB0D2BE34913A9 /* Pods_GetOffersUITests.framework */,
			);
			name = Frameworks;
			sourceTree = "<group>";
		};
		2B4C29C55F4001A28D2A2DF2 /* Pods */ = {
			isa = PBXGroup;
			children = (
				2298A6098D8B1A69A1F82B2E /* Pods-GetOffers.debug.xcconfig */,
				0F877161C0084E6AE975B9A2 /* Pods-GetOffers.release.xcconfig */,
				AA0796C3010BD968A1748483 /* Pods-GetOffersTests.debug.xcconfig */,
				4976B4D10AC549FB5194F667 /* Pods-GetOffersTests.release.xcconfig */,
				9793F3DFDBADD52FC04A35FD /* Pods-GetOffersUITests.debug.xcconfig */,
				6D5DF51F00499ADD1925311B /* Pods-GetOffersUITests.release.xcconfig */,
			);
			name = Pods;
			sourceTree = "<group>";
		};
		48A956EE1E94F85B00939D2D /* Background */ = {
			isa = PBXGroup;
			children = (
				48FDB2DB1E939F1C00280591 /* 3.wav */,
				48FDB2DD1E939F2300280591 /* BackgroundTask.swift */,
			);
			name = Background;
			sourceTree = "<group>";
		};
		48A956EF1E94F87200939D2D /* Login */ = {
			isa = PBXGroup;
			children = (
				48A956EC1E94F85400939D2D /* LoginViewController.swift */,
			);
			name = Login;
			sourceTree = "<group>";
		};
		48FDB2A11E939F1100280591 = {
			isa = PBXGroup;
			children = (
				48FDB2AC1E939F1100280591 /* GetOffers */,
				48FDB2C11E939F1100280591 /* GetOffersTests */,
				48FDB2CC1E939F1100280591 /* GetOffersUITests */,
				48FDB2AB1E939F1100280591 /* Products */,
				2B4C29C55F4001A28D2A2DF2 /* Pods */,
				0F1C5DBDBD135A9EE71C15E2 /* Frameworks */,
			);
			sourceTree = "<group>";
		};
		48FDB2AB1E939F1100280591 /* Products */ = {
			isa = PBXGroup;
			children = (
				48FDB2AA1E939F1100280591 /* GetOffers.app */,
				48FDB2BE1E939F1100280591 /* GetOffersTests.xctest */,
				48FDB2C91E939F1100280591 /* GetOffersUITests.xctest */,
			);
			name = Products;
			sourceTree = "<group>";
		};
		48FDB2AC1E939F1100280591 /* GetOffers */ = {
			isa = PBXGroup;
			children = (
				48A956EF1E94F87200939D2D /* Login */,
				48A956EE1E94F85B00939D2D /* Background */,
				48FDB2AD1E939F1100280591 /* AppDelegate.swift */,
				48FDB2AF1E939F1100280591 /* ViewController.swift */,
				48FDB2B11E939F1100280591 /* Main.storyboard */,
				48FDB2B41E939F1100280591 /* Assets.xcassets */,
				48FDB2B61E939F1100280591 /* LaunchScreen.storyboard */,
				48FDB2B91E939F1100280591 /* Info.plist */,
			);
			path = GetOffers;
			sourceTree = "<group>";
		};
		48FDB2C11E939F1100280591 /* GetOffersTests */ = {
			isa = PBXGroup;
			children = (
				48FDB2C21E939F1100280591 /* GetOffersTests.swift */,
				48FDB2C41E939F1100280591 /* Info.plist */,
			);
			path = GetOffersTests;
			sourceTree = "<group>";
		};
		48FDB2CC1E939F1100280591 /* GetOffersUITests */ = {
			isa = PBXGroup;
			children = (
				48FDB2CD1E939F1100280591 /* GetOffersUITests.swift */,
				48FDB2CF1E939F1100280591 /* Info.plist */,
			);
			path = GetOffersUITests;
			sourceTree = "<group>";
		};
/* End PBXGroup section */

/* Begin PBXNativeTarget section */
		48FDB2A91E939F1100280591 /* GetOffers */ = {
			isa = PBXNativeTarget;
			buildConfigurationList = 48FDB2D21E939F1100280591 /* Build configuration list for PBXNativeTarget "GetOffers" */;
			buildPhases = (
				E6FB01E912FC8AADE688B3A1 /* [CP] Check Pods Manifest.lock */,
				48FDB2A61E939F1100280591 /* Sources */,
				48FDB2A71E939F1100280591 /* Frameworks */,
				48FDB2A81E939F1100280591 /* Resources */,
				7D6AF8281A25DD89D20213C8 /* [CP] Embed Pods Frameworks */,
				20B6F4E9619648BE3D74E749 /* [CP] Copy Pods Resources */,
			);
			buildRules = (
			);
			dependencies = (
			);
			name = GetOffers;
			productName = GetOffers;
			productReference = 48FDB2AA1E939F1100280591 /* GetOffers.app */;
			productType = "com.apple.product-type.application";
		};
		48FDB2BD1E939F1100280591 /* GetOffersTests */ = {
			isa = PBXNativeTarget;
			buildConfigurationList = 48FDB2D51E939F1100280591 /* Build configuration list for PBXNativeTarget "GetOffersTests" */;
			buildPhases = (
				8F49AC1D2A96AFF3FE9F8541 /* [CP] Check Pods Manifest.lock */,
				48FDB2BA1E939F1100280591 /* Sources */,
				48FDB2BB1E939F1100280591 /* Frameworks */,
				48FDB2BC1E939F1100280591 /* Resources */,
				3341BC1E7FC0FD7C8DF3AAFA /* [CP] Embed Pods Frameworks */,
				062A5CC30E836D4C04589DFC /* [CP] Copy Pods Resources */,
			);
			buildRules = (
			);
			dependencies = (
				48FDB2C01E939F1100280591 /* PBXTargetDependency */,
			);
			name = GetOffersTests;
			productName = GetOffersTests;
			productReference = 48FDB2BE1E939F1100280591 /* GetOffersTests.xctest */;
			productType = "com.apple.product-type.bundle.unit-test";
		};
		48FDB2C81E939F1100280591 /* GetOffersUITests */ = {
			isa = PBXNativeTarget;
			buildConfigurationList = 48FDB2D81E939F1100280591 /* Build configuration list for PBXNativeTarget "GetOffersUITests" */;
			buildPhases = (
				F1172B752B91EB9086C24D6B /* [CP] Check Pods Manifest.lock */,
				48FDB2C51E939F1100280591 /* Sources */,
				48FDB2C61E939F1100280591 /* Frameworks */,
				48FDB2C71E939F1100280591 /* Resources */,
				201181211C7D4A1E6C37CFF4 /* [CP] Embed Pods Frameworks */,
				F17305B2139E1A06C4D0CB16 /* [CP] Copy Pods Resources */,
			);
			buildRules = (
			);
			dependencies = (
				48FDB2CB1E939F1100280591 /* PBXTargetDependency */,
			);
			name = GetOffersUITests;
			productName = GetOffersUITests;
			productReference = 48FDB2C91E939F1100280591 /* GetOffersUITests.xctest */;
			productType = "com.apple.product-type.bundle.ui-testing";
		};
/* End PBXNativeTarget section */

/* Begin PBXProject section */
		48FDB2A21E939F1100280591 /* Project object */ = {
			isa = PBXProject;
			attributes = {
				LastSwiftUpdateCheck = 0820;
				LastUpgradeCheck = 0820;
				ORGANIZATIONNAME = "Aditya Yadav";
				TargetAttributes = {
					48FDB2A91E939F1100280591 = {
						CreatedOnToolsVersion = 8.2.1;
						DevelopmentTeam = 675675YL9Y;
						ProvisioningStyle = Manual;
						SystemCapabilities = {
							com.apple.BackgroundModes = {
								enabled = 1;
							};
							com.apple.Keychain = {
								enabled = 0;
							};
						};
					};
					48FDB2BD1E939F1100280591 = {
						CreatedOnToolsVersion = 8.2.1;
						DevelopmentTeam = RAZJB7TT57;
						ProvisioningStyle = Automatic;
						TestTargetID = 48FDB2A91E939F1100280591;
					};
					48FDB2C81E939F1100280591 = {
						CreatedOnToolsVersion = 8.2.1;
						DevelopmentTeam = RAZJB7TT57;
						ProvisioningStyle = Automatic;
						TestTargetID = 48FDB2A91E939F1100280591;
					};
				};
			};
			buildConfigurationList = 48FDB2A51E939F1100280591 /* Build configuration list for PBXProject "GetOffers" */;
			compatibilityVersion = "Xcode 3.2";
			developmentRegion = English;
			hasScannedForEncodings = 0;
			knownRegions = (
				en,
				Base,
			);
			mainGroup = 48FDB2A11E939F1100280591;
			productRefGroup = 48FDB2AB1E939F1100280591 /* Products */;
			projectDirPath = "";
			projectRoot = "";
			targets = (
				48FDB2A91E939F1100280591 /* GetOffers */,
				48FDB2BD1E939F1100280591 /* GetOffersTests */,
				48FDB2C81E939F1100280591 /* GetOffersUITests */,
			);
		};
/* End PBXProject section */

/* Begin PBXResourcesBuildPhase section */
		48FDB2A81E939F1100280591 /* Resources */ = {
			isa = PBXResourcesBuildPhase;
			buildActionMask = 2147483647;
			files = (
				48FDB2DC1E939F1C00280591 /* 3.wav in Resources */,
				48FDB2B81E939F1100280591 /* LaunchScreen.storyboard in Resources */,
				48FDB2B51E939F1100280591 /* Assets.xcassets in Resources */,
				48FDB2B31E939F1100280591 /* Main.storyboard in Resources */,
			);
			runOnlyForDeploymentPostprocessing = 0;
		};
		48FDB2BC1E939F1100280591 /* Resources */ = {
			isa = PBXResourcesBuildPhase;
			buildActionMask = 2147483647;
			files = (
			);
			runOnlyForDeploymentPostprocessing = 0;
		};
		48FDB2C71E939F1100280591 /* Resources */ = {
			isa = PBXResourcesBuildPhase;
			buildActionMask = 2147483647;
			files = (
			);
			runOnlyForDeploymentPostprocessing = 0;
		};
/* End PBXResourcesBuildPhase section */

/* Begin PBXShellScriptBuildPhase section */
		062A5CC30E836D4C04589DFC /* [CP] Copy Pods Resources */ = {
			isa = PBXShellScriptBuildPhase;
			buildActionMask = 2147483647;
			files = (
			);
			inputPaths = (
			);
			name = "[CP] Copy Pods Resources";
			outputPaths = (
			);
			runOnlyForDeploymentPostprocessing = 0;
			shellPath = /bin/sh;
			shellScript = "\"${SRCROOT}/Pods/Target Support Files/Pods-GetOffersTests/Pods-GetOffersTests-resources.sh\"\n";
			showEnvVarsInLog = 0;
		};
		201181211C7D4A1E6C37CFF4 /* [CP] Embed Pods Frameworks */ = {
			isa = PBXShellScriptBuildPhase;
			buildActionMask = 2147483647;
			files = (
			);
			inputPaths = (
			);
			name = "[CP] Embed Pods Frameworks";
			outputPaths = (
			);
			runOnlyForDeploymentPostprocessing = 0;
			shellPath = /bin/sh;
			shellScript = "\"${SRCROOT}/Pods/Target Support Files/Pods-GetOffersUITests/Pods-GetOffersUITests-frameworks.sh\"\n";
			showEnvVarsInLog = 0;
		};
		20B6F4E9619648BE3D74E749 /* [CP] Copy Pods Resources */ = {
			isa = PBXShellScriptBuildPhase;
			buildActionMask = 2147483647;
			files = (
			);
			inputPaths = (
			);
			name = "[CP] Copy Pods Resources";
			outputPaths = (
			);
			runOnlyForDeploymentPostprocessing = 0;
			shellPath = /bin/sh;
			shellScript = "\"${SRCROOT}/Pods/Target Support Files/Pods-GetOffers/Pods-GetOffers-resources.sh\"\n";
			showEnvVarsInLog = 0;
		};
		3341BC1E7FC0FD7C8DF3AAFA /* [CP] Embed Pods Frameworks */ = {
			isa = PBXShellScriptBuildPhase;
			buildActionMask = 2147483647;
			files = (
			);
			inputPaths = (
			);
			name = "[CP] Embed Pods Frameworks";
			outputPaths = (
			);
			runOnlyForDeploymentPostprocessing = 0;
			shellPath = /bin/sh;
			shellScript = "\"${SRCROOT}/Pods/Target Support Files/Pods-GetOffersTests/Pods-GetOffersTests-frameworks.sh\"\n";
			showEnvVarsInLog = 0;
		};
		7D6AF8281A25DD89D20213C8 /* [CP] Embed Pods Frameworks */ = {
			isa = PBXShellScriptBuildPhase;
			buildActionMask = 2147483647;
			files = (
			);
			inputPaths = (
			);
			name = "[CP] Embed Pods Frameworks";
			outputPaths = (
			);
			runOnlyForDeploymentPostprocessing = 0;
			shellPath = /bin/sh;
			shellScript = "\"${SRCROOT}/Pods/Target Support Files/Pods-GetOffers/Pods-GetOffers-frameworks.sh\"\n";
			showEnvVarsInLog = 0;
		};
		8F49AC1D2A96AFF3FE9F8541 /* [CP] Check Pods Manifest.lock */ = {
			isa = PBXShellScriptBuildPhase;
			buildActionMask = 2147483647;
			files = (
			);
			inputPaths = (
			);
			name = "[CP] Check Pods Manifest.lock";
			outputPaths = (
			);
			runOnlyForDeploymentPostprocessing = 0;
			shellPath = /bin/sh;
			shellScript = "diff \"${PODS_ROOT}/../Podfile.lock\" \"${PODS_ROOT}/Manifest.lock\" > /dev/null\nif [ $? != 0 ] ; then\n    # print error to STDERR\n    echo \"error: The sandbox is not in sync with the Podfile.lock. Run 'pod install' or update your CocoaPods installation.\" >&2\n    exit 1\nfi\n";
			showEnvVarsInLog = 0;
		};
		E6FB01E912FC8AADE688B3A1 /* [CP] Check Pods Manifest.lock */ = {
			isa = PBXShellScriptBuildPhase;
			buildActionMask = 2147483647;
			files = (
			);
			inputPaths = (
			);
			name = "[CP] Check Pods Manifest.lock";
			outputPaths = (
			);
			runOnlyForDeploymentPostprocessing = 0;
			shellPath = /bin/sh;
			shellScript = "diff \"${PODS_ROOT}/../Podfile.lock\" \"${PODS_ROOT}/Manifest.lock\" > /dev/null\nif [ $? != 0 ] ; then\n    # print error to STDERR\n    echo \"error: The sandbox is not in sync with the Podfile.lock. Run 'pod install' or update your CocoaPods installation.\" >&2\n    exit 1\nfi\n";
			showEnvVarsInLog = 0;
		};
		F1172B752B91EB9086C24D6B /* [CP] Check Pods Manifest.lock */ = {
			isa = PBXShellScriptBuildPhase;
			buildActionMask = 2147483647;
			files = (
			);
			inputPaths = (
			);
			name = "[CP] Check Pods Manifest.lock";
			outputPaths = (
			);
			runOnlyForDeploymentPostprocessing = 0;
			shellPath = /bin/sh;
			shellScript = "diff \"${PODS_ROOT}/../Podfile.lock\" \"${PODS_ROOT}/Manifest.lock\" > /dev/null\nif [ $? != 0 ] ; then\n    # print error to STDERR\n    echo \"error: The sandbox is not in sync with the Podfile.lock. Run 'pod install' or update your CocoaPods installation.\" >&2\n    exit 1\nfi\n";
			showEnvVarsInLog = 0;
		};
		F17305B2139E1A06C4D0CB16 /* [CP] Copy Pods Resources */ = {
			isa = PBXShellScriptBuildPhase;
			buildActionMask = 2147483647;
			files = (
			);
			inputPaths = (
			);
			name = "[CP] Copy Pods Resources";
			outputPaths = (
			);
			runOnlyForDeploymentPostprocessing = 0;
			shellPath = /bin/sh;
			shellScript = "\"${SRCROOT}/Pods/Target Support Files/Pods-GetOffersUITests/Pods-GetOffersUITests-resources.sh\"\n";
			showEnvVarsInLog = 0;
		};
/* End PBXShellScriptBuildPhase section */

/* Begin PBXSourcesBuildPhase section */
		48FDB2A61E939F1100280591 /* Sources */ = {
			isa = PBXSourcesBuildPhase;
			buildActionMask = 2147483647;
			files = (
				48A956ED1E94F85400939D2D /* LoginViewController.swift in Sources */,
				48FDB2DE1E939F2300280591 /* BackgroundTask.swift in Sources */,
				48FDB2B01E939F1100280591 /* ViewController.swift in Sources */,
				48FDB2AE1E939F1100280591 /* AppDelegate.swift in Sources */,
			);
			runOnlyForDeploymentPostprocessing = 0;
		};
		48FDB2BA1E939F1100280591 /* Sources */ = {
			isa = PBXSourcesBuildPhase;
			buildActionMask = 2147483647;
			files = (
				48FDB2C31E939F1100280591 /* GetOffersTests.swift in Sources */,
			);
			runOnlyForDeploymentPostprocessing = 0;
		};
		48FDB2C51E939F1100280591 /* Sources */ = {
			isa = PBXSourcesBuildPhase;
			buildActionMask = 2147483647;
			files = (
				48FDB2CE1E939F1100280591 /* GetOffersUITests.swift in Sources */,
			);
			runOnlyForDeploymentPostprocessing = 0;
		};
/* End PBXSourcesBuildPhase section */

/* Begin PBXTargetDependency section */
		48FDB2C01E939F1100280591 /* PBXTargetDependency */ = {
			isa = PBXTargetDependency;
			target = 48FDB2A91E939F1100280591 /* GetOffers */;
			targetProxy = 48FDB2BF1E939F1100280591 /* PBXContainerItemProxy */;
		};
		48FDB2CB1E939F1100280591 /* PBXTargetDependency */ = {
			isa = PBXTargetDependency;
			target = 48FDB2A91E939F1100280591 /* GetOffers */;
			targetProxy = 48FDB2CA1E939F1100280591 /* PBXContainerItemProxy */;
		};
/* End PBXTargetDependency section */

/* Begin PBXVariantGroup section */
		48FDB2B11E939F1100280591 /* Main.storyboard */ = {
			isa = PBXVariantGroup;
			children = (
				48FDB2B21E939F1100280591 /* Base */,
			);
			name = Main.storyboard;
			sourceTree = "<group>";
		};
		48FDB2B61E939F1100280591 /* LaunchScreen.storyboard */ = {
			isa = PBXVariantGroup;
			children = (
				48FDB2B71E939F1100280591 /* Base */,
			);
			name = LaunchScreen.storyboard;
			sourceTree = "<group>";
		};
/* End PBXVariantGroup section */

/* Begin XCBuildConfiguration section */
		48FDB2D01E939F1100280591 /* Debug */ = {
			isa = XCBuildConfiguration;
			buildSettings = {
				ALWAYS_SEARCH_USER_PATHS = NO;
				CLANG_ANALYZER_NONNULL = YES;
				CLANG_CXX_LANGUAGE_STANDARD = "gnu++0x";
				CLANG_CXX_LIBRARY = "libc++";
				CLANG_ENABLE_MODULES = YES;
				CLANG_ENABLE_OBJC_ARC = YES;
				CLANG_WARN_BOOL_CONVERSION = YES;
				CLANG_WARN_CONSTANT_CONVERSION = YES;
				CLANG_WARN_DIRECT_OBJC_ISA_USAGE = YES_ERROR;
				CLANG_WARN_DOCUMENTATION_COMMENTS = YES;
				CLANG_WARN_EMPTY_BODY = YES;
				CLANG_WARN_ENUM_CONVERSION = YES;
				CLANG_WARN_INFINITE_RECURSION = YES;
				CLANG_WARN_INT_CONVERSION = YES;
				CLANG_WARN_OBJC_ROOT_CLASS = YES_ERROR;
				CLANG_WARN_SUSPICIOUS_MOVE = YES;
				CLANG_WARN_UNREACHABLE_CODE = YES;
				CLANG_WARN__DUPLICATE_METHOD_MATCH = YES;
				"CODE_SIGN_IDENTITY[sdk=iphoneos*]" = "iPhone Developer";
				COPY_PHASE_STRIP = NO;
				DEBUG_INFORMATION_FORMAT = dwarf;
				ENABLE_STRICT_OBJC_MSGSEND = YES;
				ENABLE_TESTABILITY = YES;
				GCC_C_LANGUAGE_STANDARD = gnu99;
				GCC_DYNAMIC_NO_PIC = NO;
				GCC_NO_COMMON_BLOCKS = YES;
				GCC_OPTIMIZATION_LEVEL = 0;
				GCC_PREPROCESSOR_DEFINITIONS = (
					"DEBUG=1",
					"$(inherited)",
				);
				GCC_WARN_64_TO_32_BIT_CONVERSION = YES;
				GCC_WARN_ABOUT_RETURN_TYPE = YES_ERROR;
				GCC_WARN_UNDECLARED_SELECTOR = YES;
				GCC_WARN_UNINITIALIZED_AUTOS = YES_AGGRESSIVE;
				GCC_WARN_UNUSED_FUNCTION = YES;
				GCC_WARN_UNUSED_VARIABLE = YES;
				IPHONEOS_DEPLOYMENT_TARGET = 10.2;
				MTL_ENABLE_DEBUG_INFO = YES;
				ONLY_ACTIVE_ARCH = YES;
				SDKROOT = iphoneos;
				SWIFT_ACTIVE_COMPILATION_CONDITIONS = DEBUG;
				SWIFT_OPTIMIZATION_LEVEL = "-Onone";
			};
			name = Debug;
		};
		48FDB2D11E939F1100280591 /* Release */ = {
			isa = XCBuildConfiguration;
			buildSettings = {
				ALWAYS_SEARCH_USER_PATHS = NO;
				CLANG_ANALYZER_NONNULL = YES;
				CLANG_CXX_LANGUAGE_STANDARD = "gnu++0x";
				CLANG_CXX_LIBRARY = "libc++";
				CLANG_ENABLE_MODULES = YES;
				CLANG_ENABLE_OBJC_ARC = YES;
				CLANG_WARN_BOOL_CONVERSION = YES;
				CLANG_WARN_CONSTANT_CONVERSION = YES;
				CLANG_WARN_DIRECT_OBJC_ISA_USAGE = YES_ERROR;
				CLANG_WARN_DOCUMENTATION_COMMENTS = YES;
				CLANG_WARN_EMPTY_BODY = YES;
				CLANG_WARN_ENUM_CONVERSION = YES;
				CLANG_WARN_INFINITE_RECURSION = YES;
				CLANG_WARN_INT_CONVERSION = YES;
				CLANG_WARN_OBJC_ROOT_CLASS = YES_ERROR;
				CLANG_WARN_SUSPICIOUS_MOVE = YES;
				CLANG_WARN_UNREACHABLE_CODE = YES;
				CLANG_WARN__DUPLICATE_METHOD_MATCH = YES;
				"CODE_SIGN_IDENTITY[sdk=iphoneos*]" = "iPhone Developer";
				COPY_PHASE_STRIP = NO;
				DEBUG_INFORMATION_FORMAT = "dwarf-with-dsym";
				ENABLE_NS_ASSERTIONS = NO;
				ENABLE_STRICT_OBJC_MSGSEND = YES;
				GCC_C_LANGUAGE_STANDARD = gnu99;
				GCC_NO_COMMON_BLOCKS = YES;
				GCC_WARN_64_TO_32_BIT_CONVERSION = YES;
				GCC_WARN_ABOUT_RETURN_TYPE = YES_ERROR;
				GCC_WARN_UNDECLARED_SELECTOR = YES;
				GCC_WARN_UNINITIALIZED_AUTOS = YES_AGGRESSIVE;
				GCC_WARN_UNUSED_FUNCTION = YES;
				GCC_WARN_UNUSED_VARIABLE = YES;
				IPHONEOS_DEPLOYMENT_TARGET = 10.2;
				MTL_ENABLE_DEBUG_INFO = NO;
				SDKROOT = iphoneos;
				SWIFT_OPTIMIZATION_LEVEL = "-Owholemodule";
				VALIDATE_PRODUCT = YES;
			};
			name = Release;
		};
		48FDB2D31E939F1100280591 /* Debug */ = {
			isa = XCBuildConfiguration;
			baseConfigurationReference = 2298A6098D8B1A69A1F82B2E /* Pods-GetOffers.debug.xcconfig */;
			buildSettings = {
				ASSETCATALOG_COMPILER_APPICON_NAME = AppIcon;
				CODE_SIGN_IDENTITY = "iPhone Distribution: GRAYMATRIX SOLUTIONS PRIVATE LIMITED";
				"CODE_SIGN_IDENTITY[sdk=iphoneos*]" = "iPhone Distribution";
				DEVELOPMENT_TEAM = 675675YL9Y;
				INFOPLIST_FILE = GetOffers/Info.plist;
				IPHONEOS_DEPLOYMENT_TARGET = 10.0;
				LD_RUNPATH_SEARCH_PATHS = "$(inherited) @executable_path/Frameworks";
				PRODUCT_BUNDLE_IDENTIFIER = com.gm.getoffers;
				PRODUCT_NAME = "$(TARGET_NAME)";
				PROVISIONING_PROFILE = "9ac36675-9c95-4108-9b4f-cdd10e0a8e1f";
				PROVISIONING_PROFILE_SPECIFIER = getOffers_universal;
				SWIFT_VERSION = 3.0;
			};
			name = Debug;
		};
		48FDB2D41E939F1100280591 /* Release */ = {
			isa = XCBuildConfiguration;
			baseConfigurationReference = 0F877161C0084E6AE975B9A2 /* Pods-GetOffers.release.xcconfig */;
			buildSettings = {
				ASSETCATALOG_COMPILER_APPICON_NAME = AppIcon;
				CODE_SIGN_IDENTITY = "iPhone Distribution: GRAYMATRIX SOLUTIONS PRIVATE LIMITED";
				"CODE_SIGN_IDENTITY[sdk=iphoneos*]" = "iPhone Distribution";
				DEVELOPMENT_TEAM = 675675YL9Y;
				INFOPLIST_FILE = GetOffers/Info.plist;
				IPHONEOS_DEPLOYMENT_TARGET = 10.0;
				LD_RUNPATH_SEARCH_PATHS = "$(inherited) @executable_path/Frameworks";
				PRODUCT_BUNDLE_IDENTIFIER = com.gm.getoffers;
				PRODUCT_NAME = "$(TARGET_NAME)";
				PROVISIONING_PROFILE = "9ac36675-9c95-4108-9b4f-cdd10e0a8e1f";
				PROVISIONING_PROFILE_SPECIFIER = getOffers_universal;
				SWIFT_VERSION = 3.0;
			};
			name = Release;
		};
		48FDB2D61E939F1100280591 /* Debug */ = {
			isa = XCBuildConfiguration;
			baseConfigurationReference = AA0796C3010BD968A1748483 /* Pods-GetOffersTests.debug.xcconfig */;
			buildSettings = {
				ALWAYS_EMBED_SWIFT_STANDARD_LIBRARIES = YES;
				BUNDLE_LOADER = "$(TEST_HOST)";
				DEVELOPMENT_TEAM = RAZJB7TT57;
				INFOPLIST_FILE = GetOffersTests/Info.plist;
				LD_RUNPATH_SEARCH_PATHS = "$(inherited) @executable_path/Frameworks @loader_path/Frameworks";
				PRODUCT_BUNDLE_IDENTIFIER = com.GetOffersTests;
				PRODUCT_NAME = "$(TARGET_NAME)";
				SWIFT_VERSION = 3.0;
				TEST_HOST = "$(BUILT_PRODUCTS_DIR)/GetOffers.app/GetOffers";
			};
			name = Debug;
		};
		48FDB2D71E939F1100280591 /* Release */ = {
			isa = XCBuildConfiguration;
			baseConfigurationReference = 4976B4D10AC549FB5194F667 /* Pods-GetOffersTests.release.xcconfig */;
			buildSettings = {
				ALWAYS_EMBED_SWIFT_STANDARD_LIBRARIES = YES;
				BUNDLE_LOADER = "$(TEST_HOST)";
				DEVELOPMENT_TEAM = RAZJB7TT57;
				INFOPLIST_FILE = GetOffersTests/Info.plist;
				LD_RUNPATH_SEARCH_PATHS = "$(inherited) @executable_path/Frameworks @loader_path/Frameworks";
				PRODUCT_BUNDLE_IDENTIFIER = com.GetOffersTests;
				PRODUCT_NAME = "$(TARGET_NAME)";
				SWIFT_VERSION = 3.0;
				TEST_HOST = "$(BUILT_PRODUCTS_DIR)/GetOffers.app/GetOffers";
			};
			name = Release;
		};
		48FDB2D91E939F1100280591 /* Debug */ = {
			isa = XCBuildConfiguration;
			baseConfigurationReference = 9793F3DFDBADD52FC04A35FD /* Pods-GetOffersUITests.debug.xcconfig */;
			buildSettings = {
				ALWAYS_EMBED_SWIFT_STANDARD_LIBRARIES = YES;
				DEVELOPMENT_TEAM = RAZJB7TT57;
				INFOPLIST_FILE = GetOffersUITests/Info.plist;
				LD_RUNPATH_SEARCH_PATHS = "$(inherited) @executable_path/Frameworks @loader_path/Frameworks";
				PRODUCT_BUNDLE_IDENTIFIER = com.GetOffersUITests;
				PRODUCT_NAME = "$(TARGET_NAME)";
				SWIFT_VERSION = 3.0;
				TEST_TARGET_NAME = GetOffers;
			};
			name = Debug;
		};
		48FDB2DA1E939F1100280591 /* Release */ = {
			isa = XCBuildConfiguration;
			baseConfigurationReference = 6D5DF51F00499ADD1925311B /* Pods-GetOffersUITests.release.xcconfig */;
			buildSettings = {
				ALWAYS_EMBED_SWIFT_STANDARD_LIBRARIES = YES;
				DEVELOPMENT_TEAM = RAZJB7TT57;
				INFOPLIST_FILE = GetOffersUITests/Info.plist;
				LD_RUNPATH_SEARCH_PATHS = "$(inherited) @executable_path/Frameworks @loader_path/Frameworks";
				PRODUCT_BUNDLE_IDENTIFIER = com.GetOffersUITests;
				PRODUCT_NAME = "$(TARGET_NAME)";
				SWIFT_VERSION = 3.0;
				TEST_TARGET_NAME = GetOffers;
			};
			name = Release;
		};
/* End XCBuildConfiguration section */

/* Begin XCConfigurationList section */
		48FDB2A51E939F1100280591 /* Build configuration list for PBXProject "GetOffers" */ = {
			isa = XCConfigurationList;
			buildConfigurations = (
				48FDB2D01E939F1100280591 /* Debug */,
				48FDB2D11E939F1100280591 /* Release */,
			);
			defaultConfigurationIsVisible = 0;
			defaultConfigurationName = Release;
		};
		48FDB2D21E939F1100280591 /* Build configuration list for PBXNativeTarget "GetOffers" */ = {
			isa = XCConfigurationList;
			buildConfigurations = (
				48FDB2D31E939F1100280591 /* Debug */,
				48FDB2D41E939F1100280591 /* Release */,
			);
			defaultConfigurationIsVisible = 0;
			defaultConfigurationName = Release;
		};
		48FDB2D51E939F1100280591 /* Build configuration list for PBXNativeTarget "GetOffersTests" */ = {
			isa = XCConfigurationList;
			buildConfigurations = (
				48FDB2D61E939F1100280591 /* Debug */,
				48FDB2D71E939F1100280591 /* Release */,
			);
			defaultConfigurationIsVisible = 0;
			defaultConfigurationName = Release;
		};
		48FDB2D81E939F1100280591 /* Build configuration list for PBXNativeTarget "GetOffersUITests" */ = {
			isa = XCConfigurationList;
			buildConfigurations = (
				48FDB2D91E939F1100280591 /* Debug */,
				48FDB2DA1E939F1100280591 /* Release */,
			);
			defaultConfigurationIsVisible = 0;
			defaultConfigurationName = Release;
		};
/* End XCConfigurationList section */
	};
	rootObject = 48FDB2A21E939F1100280591 /* Project object */;
}
